
Microsoft Visual Studio Solution File, Format Version 12.00
# Visual Studio 15
VisualStudioVersion = 15.0.26124.0
MinimumVisualStudioVersion = 15.0.26124.0
Project("{2150E333-8FDC-42A3-9474-1A3956D46DE8}") = "src", "src", "{12E841D3-F036-4CC5-8140-776D0D95011D}"
EndProject
Project("{FAE04EC0-301F-11D3-BF4B-00C04F79EFBC}") = "GroupChat.Identity", "src\Identity\GroupChat.Identity.csproj", "{FEE3C287-3391-4D9D-9A90-4DB7BD538A9F}"
EndProject
Global
	GlobalSection(SolutionConfigurationPlatforms) = preSolution
		Debug|Any CPU = Debug|Any CPU
		Debug|x64 = Debug|x64
		Debug|x86 = Debug|x86
		Release|Any CPU = Release|Any CPU
		Release|x64 = Release|x64
		Release|x86 = Release|x86
	EndGlobalSection
	GlobalSection(SolutionProperties) = preSolution
		HideSolutionNode = FALSE
	EndGlobalSection
	GlobalSection(ProjectConfigurationPlatforms) = postSolution
		{FEE3C287-3391-4D9D-9A90-4DB7BD538A9F}.Debug|Any CPU.ActiveCfg = Debug|Any CPU
		{FEE3C287-3391-4D9D-9A90-4DB7BD538A9F}.Debug|Any CPU.Build.0 = Debug|Any CPU
		{FEE3C287-3391-4D9D-9A90-4DB7BD538A9F}.Debug|x64.ActiveCfg = Debug|Any CPU
		{FEE3C287-3391-4D9D-9A90-4DB7BD538A9F}.Debug|x64.Build.0 = Debug|Any CPU
		{FEE3C287-3391-4D9D-9A90-4DB7BD538A9F}.Debug|x86.ActiveCfg = Debug|Any CPU
		{FEE3C287-3391-4D9D-9A90-4DB7BD538A9F}.Debug|x86.Build.0 = Debug|Any CPU
		{FEE3C287-3391-4D9D-9A90-4DB7BD538A9F}.Release|Any CPU.ActiveCfg = Release|Any CPU
		{FEE3C287-3391-4D9D-9A90-4DB7BD538A9F}.Release|Any CPU.Build.0 = Release|Any CPU
		{FEE3C287-3391-4D9D-9A90-4DB7BD538A9F}.Release|x64.ActiveCfg = Release|Any CPU
		{FEE3C287-3391-4D9D-9A90-4DB7BD538A9F}.Release|x64.Build.0 = Release|Any CPU
		{FEE3C287-3391-4D9D-9A90-4DB7BD538A9F}.Release|x86.ActiveCfg = Release|Any CPU
		{FEE3C287-3391-4D9D-9A90-4DB7BD538A9F}.Release|x86.Build.0 = Release|Any CPU
	EndGlobalSection
	GlobalSection(NestedProjects) = preSolution
		{FEE3C287-3391-4D9D-9A90-4DB7BD538A9F} = {12E841D3-F036-4CC5-8140-776D0D95011D}
	EndGlobalSection
EndGlobal
